
Microsoft Visual Studio Solution File, Format Version 12.00
# Visual Studio Version 17
VisualStudioVersion = 17.3.32901.215
MinimumVisualStudioVersion = 10.0.40219.1
Project("{FAE04EC0-301F-11D3-BF4B-00C04F79EFBC}") = "VENUS.TICTACTOE.UI", "src\VENUS.TICTACTOE.UI\VENUS.TICTACTOE.UI.csproj", "{D54A2E04-F1B4-43D5-A247-AB3F165AEC9E}"
EndProject
Global
	GlobalSection(SolutionConfigurationPlatforms) = preSolution
		Debug|Any CPU = Debug|Any CPU
		Release|Any CPU = Release|Any CPU
	EndGlobalSection
	GlobalSection(ProjectConfigurationPlatforms) = postSolution
		{D54A2E04-F1B4-43D5-A247-AB3F165AEC9E}.Debug|Any CPU.ActiveCfg = Debug|Any CPU
		{D54A2E04-F1B4-43D5-A247-AB3F165AEC9E}.Debug|Any CPU.Build.0 = Debug|Any CPU
		{D54A2E04-F1B4-43D5-A247-AB3F165AEC9E}.Release|Any CPU.ActiveCfg = Release|Any CPU
		{D54A2E04-F1B4-43D5-A247-AB3F165AEC9E}.Release|Any CPU.Build.0 = Release|Any CPU
	EndGlobalSection
	GlobalSection(SolutionProperties) = preSolution
		HideSolutionNode = FALSE
	EndGlobalSection
	GlobalSection(ExtensibilityGlobals) = postSolution
		SolutionGuid = {8A28432C-065C-448A-A869-F34DCD24523E}
	EndGlobalSection
EndGlobal
