
Microsoft Visual Studio Solution File, Format Version 12.00
# Visual Studio Version 17
VisualStudioVersion = 17.3.32901.215
MinimumVisualStudioVersion = 10.0.40219.1
Project("{9A19103F-16F7-4668-BE54-9A1E7A4F7556}") = "Venus.Tictactoe.UI", "src\VENUS.TICTACTOE.UI\Venus.Tictactoe.UI.csproj", "{D54A2E04-F1B4-43D5-A247-AB3F165AEC9E}"
EndProject
Project("{9A19103F-16F7-4668-BE54-9A1E7A4F7556}") = "Venus.Tictactoe.Domain", "src\VENUS.TICTACTOE.DOMAIN\Venus.Tictactoe.Domain.csproj", "{62152E49-8C84-46E7-9435-E0581DD254AC}"
EndProject
Project("{9A19103F-16F7-4668-BE54-9A1E7A4F7556}") = "Venus.Tictactoe.Test", "test\VENUS.TICTACTOE.TEST\Venus.Tictactoe.Test.csproj", "{6395AD09-12DD-4F74-91F4-4F5EF3C2B9A3}"
EndProject
Global
	GlobalSection(SolutionConfigurationPlatforms) = preSolution
		Debug|Any CPU = Debug|Any CPU
		Release|Any CPU = Release|Any CPU
	EndGlobalSection
	GlobalSection(ProjectConfigurationPlatforms) = postSolution
		{D54A2E04-F1B4-43D5-A247-AB3F165AEC9E}.Debug|Any CPU.ActiveCfg = Debug|Any CPU
		{D54A2E04-F1B4-43D5-A247-AB3F165AEC9E}.Debug|Any CPU.Build.0 = Debug|Any CPU
		{D54A2E04-F1B4-43D5-A247-AB3F165AEC9E}.Release|Any CPU.ActiveCfg = Release|Any CPU
		{D54A2E04-F1B4-43D5-A247-AB3F165AEC9E}.Release|Any CPU.Build.0 = Release|Any CPU
		{62152E49-8C84-46E7-9435-E0581DD254AC}.Debug|Any CPU.ActiveCfg = Debug|Any CPU
		{62152E49-8C84-46E7-9435-E0581DD254AC}.Debug|Any CPU.Build.0 = Debug|Any CPU
		{62152E49-8C84-46E7-9435-E0581DD254AC}.Release|Any CPU.ActiveCfg = Release|Any CPU
		{62152E49-8C84-46E7-9435-E0581DD254AC}.Release|Any CPU.Build.0 = Release|Any CPU
		{6395AD09-12DD-4F74-91F4-4F5EF3C2B9A3}.Debug|Any CPU.ActiveCfg = Debug|Any CPU
		{6395AD09-12DD-4F74-91F4-4F5EF3C2B9A3}.Debug|Any CPU.Build.0 = Debug|Any CPU
		{6395AD09-12DD-4F74-91F4-4F5EF3C2B9A3}.Release|Any CPU.ActiveCfg = Release|Any CPU
		{6395AD09-12DD-4F74-91F4-4F5EF3C2B9A3}.Release|Any CPU.Build.0 = Release|Any CPU
	EndGlobalSection
	GlobalSection(SolutionProperties) = preSolution
		HideSolutionNode = FALSE
	EndGlobalSection
	GlobalSection(ExtensibilityGlobals) = postSolution
		SolutionGuid = {8A28432C-065C-448A-A869-F34DCD24523E}
	EndGlobalSection
EndGlobal
